// !$*UTF8*$!
{
	archiveVersion = 1;
	classes = {
	};
	objectVersion = 48;
	objects = {

/* Begin PBXBuildFile section */
		2C34A7FA1FC3250D00AC6B50 /* NSObject+ELThreadSafe.m in Sources */ = {isa = PBXBuildFile; fileRef = 2C34A7F91FC3250D00AC6B50 /* NSObject+ELThreadSafe.m */; };
		2C34A7FD1FC3311F00AC6B50 /* NSMutableOrderedSet+ELThreadSafe.m in Sources */ = {isa = PBXBuildFile; fileRef = 2C34A7FC1FC3311F00AC6B50 /* NSMutableOrderedSet+ELThreadSafe.m */; };
		2C34A7FE1FC4823400AC6B50 /* TestSuitObject.m in Sources */ = {isa = PBXBuildFile; fileRef = 2C3E38C81FC458EE007A1405 /* TestSuitObject.m */; };
		2C3E384F1FC2C61D007A1405 /* ViewController.m in Sources */ = {isa = PBXBuildFile; fileRef = 2C3E384E1FC2C61D007A1405 /* ViewController.m */; };
		2C3E38521FC2C61D007A1405 /* Main.storyboard in Resources */ = {isa = PBXBuildFile; fileRef = 2C3E38501FC2C61D007A1405 /* Main.storyboard */; };
		2C3E38541FC2C61D007A1405 /* Assets.xcassets in Resources */ = {isa = PBXBuildFile; fileRef = 2C3E38531FC2C61D007A1405 /* Assets.xcassets */; };
		2C3E38571FC2C61D007A1405 /* LaunchScreen.storyboard in Resources */ = {isa = PBXBuildFile; fileRef = 2C3E38551FC2C61D007A1405 /* LaunchScreen.storyboard */; };
		2C3E385A1FC2C61D007A1405 /* main.m in Sources */ = {isa = PBXBuildFile; fileRef = 2C3E38591FC2C61D007A1405 /* main.m */; };
		2C3E38641FC2C61D007A1405 /* ELThreadSafeSuitTests.m in Sources */ = {isa = PBXBuildFile; fileRef = 2C3E38631FC2C61D007A1405 /* ELThreadSafeSuitTests.m */; };
		2C3E387A1FC2D4B5007A1405 /* NSMutableArray+ELThreadSafe.m in Sources */ = {isa = PBXBuildFile; fileRef = 2C3E38761FC2D4B4007A1405 /* NSMutableArray+ELThreadSafe.m */; };
		2C3E387B1FC2D4B5007A1405 /* NSMutableDictionary+ELThreadSafe.m in Sources */ = {isa = PBXBuildFile; fileRef = 2C3E38781FC2D4B4007A1405 /* NSMutableDictionary+ELThreadSafe.m */; };
		2C3E387E1FC2F74B007A1405 /* ELThreadSafeObject.m in Sources */ = {isa = PBXBuildFile; fileRef = 2C3E387D1FC2F74B007A1405 /* ELThreadSafeObject.m */; };
		2C3E38B71FC44DB5007A1405 /* NSMutableSet+ELThreadSafe.m in Sources */ = {isa = PBXBuildFile; fileRef = 2C3E38B61FC44DB5007A1405 /* NSMutableSet+ELThreadSafe.m */; };
		2C3E38BA1FC45630007A1405 /* ELThreadSafeComparisonTests.m in Sources */ = {isa = PBXBuildFile; fileRef = 2C3E38B91FC45630007A1405 /* ELThreadSafeComparisonTests.m */; };
		2C3E38BB1FC45645007A1405 /* NSMutableArray+ELThreadSafe.m in Sources */ = {isa = PBXBuildFile; fileRef = 2C3E38761FC2D4B4007A1405 /* NSMutableArray+ELThreadSafe.m */; };
		2C3E38BC1FC4564A007A1405 /* NSMutableDictionary+ELThreadSafe.m in Sources */ = {isa = PBXBuildFile; fileRef = 2C3E38781FC2D4B4007A1405 /* NSMutableDictionary+ELThreadSafe.m */; };
		2C3E38BD1FC4564D007A1405 /* NSMutableOrderedSet+ELThreadSafe.m in Sources */ = {isa = PBXBuildFile; fileRef = 2C34A7FC1FC3311F00AC6B50 /* NSMutableOrderedSet+ELThreadSafe.m */; };
		2C3E38BE1FC45651007A1405 /* NSMutableSet+ELThreadSafe.m in Sources */ = {isa = PBXBuildFile; fileRef = 2C3E38B61FC44DB5007A1405 /* NSMutableSet+ELThreadSafe.m */; };
		2C3E38BF1FC45654007A1405 /* ELThreadSafeObject.m in Sources */ = {isa = PBXBuildFile; fileRef = 2C3E387D1FC2F74B007A1405 /* ELThreadSafeObject.m */; };
		2C3E38C01FC45657007A1405 /* NSObject+ELThreadSafe.m in Sources */ = {isa = PBXBuildFile; fileRef = 2C34A7F91FC3250D00AC6B50 /* NSObject+ELThreadSafe.m */; };
		2C3E38C91FC458EE007A1405 /* TestSuitObject.m in Sources */ = {isa = PBXBuildFile; fileRef = 2C3E38C81FC458EE007A1405 /* TestSuitObject.m */; };
		2C3E38CA1FC45AB2007A1405 /* AppDelegate.m in Sources */ = {isa = PBXBuildFile; fileRef = 2C3E384B1FC2C61C007A1405 /* AppDelegate.m */; };
/* End PBXBuildFile section */

/* Begin PBXContainerItemProxy section */
		2C3E38601FC2C61D007A1405 /* PBXContainerItemProxy */ = {
			isa = PBXContainerItemProxy;
			containerPortal = 2C3E383F1FC2C61C007A1405 /* Project object */;
			proxyType = 1;
			remoteGlobalIDString = 2C3E38461FC2C61C007A1405;
			remoteInfo = ELThreadSafeSuit;
		};
/* End PBXContainerItemProxy section */

/* Begin PBXFileReference section */
		2C34A7F81FC3250D00AC6B50 /* NSObject+ELThreadSafe.h */ = {isa = PBXFileReference; lastKnownFileType = sourcecode.c.h; path = "NSObject+ELThreadSafe.h"; sourceTree = "<group>"; };
		2C34A7F91FC3250D00AC6B50 /* NSObject+ELThreadSafe.m */ = {isa = PBXFileReference; lastKnownFileType = sourcecode.c.objc; path = "NSObject+ELThreadSafe.m"; sourceTree = "<group>"; };
		2C34A7FB1FC3311F00AC6B50 /* NSMutableOrderedSet+ELThreadSafe.h */ = {isa = PBXFileReference; lastKnownFileType = sourcecode.c.h; path = "NSMutableOrderedSet+ELThreadSafe.h"; sourceTree = "<group>"; };
		2C34A7FC1FC3311F00AC6B50 /* NSMutableOrderedSet+ELThreadSafe.m */ = {isa = PBXFileReference; lastKnownFileType = sourcecode.c.objc; path = "NSMutableOrderedSet+ELThreadSafe.m"; sourceTree = "<group>"; };
		2C3E38471FC2C61C007A1405 /* ELThreadSafeSuit.app */ = {isa = PBXFileReference; explicitFileType = wrapper.application; includeInIndex = 0; path = ELThreadSafeSuit.app; sourceTree = BUILT_PRODUCTS_DIR; };
		2C3E384A1FC2C61C007A1405 /* AppDelegate.h */ = {isa = PBXFileReference; lastKnownFileType = sourcecode.c.h; path = AppDelegate.h; sourceTree = "<group>"; };
		2C3E384B1FC2C61C007A1405 /* AppDelegate.m */ = {isa = PBXFileReference; lastKnownFileType = sourcecode.c.objc; path = AppDelegate.m; sourceTree = "<group>"; };
		2C3E384D1FC2C61D007A1405 /* ViewController.h */ = {isa = PBXFileReference; lastKnownFileType = sourcecode.c.h; path = ViewController.h; sourceTree = "<group>"; };
		2C3E384E1FC2C61D007A1405 /* ViewController.m */ = {isa = PBXFileReference; lastKnownFileType = sourcecode.c.objc; path = ViewController.m; sourceTree = "<group>"; };
		2C3E38511FC2C61D007A1405 /* Base */ = {isa = PBXFileReference; lastKnownFileType = file.storyboard; name = Base; path = Base.lproj/Main.storyboard; sourceTree = "<group>"; };
		2C3E38531FC2C61D007A1405 /* Assets.xcassets */ = {isa = PBXFileReference; lastKnownFileType = folder.assetcatalog; path = Assets.xcassets; sourceTree = "<group>"; };
		2C3E38561FC2C61D007A1405 /* Base */ = {isa = PBXFileReference; lastKnownFileType = file.storyboard; name = Base; path = Base.lproj/LaunchScreen.storyboard; sourceTree = "<group>"; };
		2C3E38581FC2C61D007A1405 /* Info.plist */ = {isa = PBXFileReference; lastKnownFileType = text.plist.xml; path = Info.plist; sourceTree = "<group>"; };
		2C3E38591FC2C61D007A1405 /* main.m */ = {isa = PBXFileReference; lastKnownFileType = sourcecode.c.objc; path = main.m; sourceTree = "<group>"; };
		2C3E385F1FC2C61D007A1405 /* ELThreadSafeSuitTests.xctest */ = {isa = PBXFileReference; explicitFileType = wrapper.cfbundle; includeInIndex = 0; path = ELThreadSafeSuitTests.xctest; sourceTree = BUILT_PRODUCTS_DIR; };
		2C3E38631FC2C61D007A1405 /* ELThreadSafeSuitTests.m */ = {isa = PBXFileReference; lastKnownFileType = sourcecode.c.objc; path = ELThreadSafeSuitTests.m; sourceTree = "<group>"; };
		2C3E38651FC2C61D007A1405 /* Info.plist */ = {isa = PBXFileReference; lastKnownFileType = text.plist.xml; path = Info.plist; sourceTree = "<group>"; };
		2C3E38761FC2D4B4007A1405 /* NSMutableArray+ELThreadSafe.m */ = {isa = PBXFileReference; fileEncoding = 4; lastKnownFileType = sourcecode.c.objc; path = "NSMutableArray+ELThreadSafe.m"; sourceTree = "<group>"; };
		2C3E38771FC2D4B4007A1405 /* NSMutableArray+ELThreadSafe.h */ = {isa = PBXFileReference; fileEncoding = 4; lastKnownFileType = sourcecode.c.h; path = "NSMutableArray+ELThreadSafe.h"; sourceTree = "<group>"; };
		2C3E38781FC2D4B4007A1405 /* NSMutableDictionary+ELThreadSafe.m */ = {isa = PBXFileReference; fileEncoding = 4; lastKnownFileType = sourcecode.c.objc; path = "NSMutableDictionary+ELThreadSafe.m"; sourceTree = "<group>"; };
		2C3E38791FC2D4B4007A1405 /* NSMutableDictionary+ELThreadSafe.h */ = {isa = PBXFileReference; fileEncoding = 4; lastKnownFileType = sourcecode.c.h; path = "NSMutableDictionary+ELThreadSafe.h"; sourceTree = "<group>"; };
		2C3E387C1FC2F74B007A1405 /* ELThreadSafeObject.h */ = {isa = PBXFileReference; lastKnownFileType = sourcecode.c.h; path = ELThreadSafeObject.h; sourceTree = "<group>"; };
		2C3E387D1FC2F74B007A1405 /* ELThreadSafeObject.m */ = {isa = PBXFileReference; lastKnownFileType = sourcecode.c.objc; path = ELThreadSafeObject.m; sourceTree = "<group>"; };
		2C3E38B21FC449EC007A1405 /* NSObject-_NSIsKinds.h */ = {isa = PBXFileReference; lastKnownFileType = sourcecode.c.h; path = "NSObject-_NSIsKinds.h"; sourceTree = "<group>"; };
		2C3E38B51FC44DB5007A1405 /* NSMutableSet+ELThreadSafe.h */ = {isa = PBXFileReference; lastKnownFileType = sourcecode.c.h; path = "NSMutableSet+ELThreadSafe.h"; sourceTree = "<group>"; };
		2C3E38B61FC44DB5007A1405 /* NSMutableSet+ELThreadSafe.m */ = {isa = PBXFileReference; lastKnownFileType = sourcecode.c.objc; path = "NSMutableSet+ELThreadSafe.m"; sourceTree = "<group>"; };
		2C3E38B91FC45630007A1405 /* ELThreadSafeComparisonTests.m */ = {isa = PBXFileReference; lastKnownFileType = sourcecode.c.objc; path = ELThreadSafeComparisonTests.m; sourceTree = "<group>"; };
		2C3E38C71FC458EE007A1405 /* TestSuitObject.h */ = {isa = PBXFileReference; lastKnownFileType = sourcecode.c.h; path = TestSuitObject.h; sourceTree = "<group>"; };
		2C3E38C81FC458EE007A1405 /* TestSuitObject.m */ = {isa = PBXFileReference; lastKnownFileType = sourcecode.c.objc; path = TestSuitObject.m; sourceTree = "<group>"; };
/* End PBXFileReference section */

/* Begin PBXFrameworksBuildPhase section */
		2C3E38441FC2C61C007A1405 /* Frameworks */ = {
			isa = PBXFrameworksBuildPhase;
			buildActionMask = 2147483647;
			files = (
			);
			runOnlyForDeploymentPostprocessing = 0;
		};
		2C3E385C1FC2C61D007A1405 /* Frameworks */ = {
			isa = PBXFrameworksBuildPhase;
			buildActionMask = 2147483647;
			files = (
			);
			runOnlyForDeploymentPostprocessing = 0;
		};
/* End PBXFrameworksBuildPhase section */

/* Begin PBXGroup section */
		2C3E383E1FC2C61C007A1405 = {
			isa = PBXGroup;
			children = (
				2C3E38491FC2C61C007A1405 /* ELThreadSafeSuit */,
				2C3E38621FC2C61D007A1405 /* ELThreadSafeSuitTests */,
				2C3E38481FC2C61C007A1405 /* Products */,
			);
			sourceTree = "<group>";
		};
		2C3E38481FC2C61C007A1405 /* Products */ = {
			isa = PBXGroup;
			children = (
				2C3E38471FC2C61C007A1405 /* ELThreadSafeSuit.app */,
				2C3E385F1FC2C61D007A1405 /* ELThreadSafeSuitTests.xctest */,
			);
			name = Products;
			sourceTree = "<group>";
		};
		2C3E38491FC2C61C007A1405 /* ELThreadSafeSuit */ = {
			isa = PBXGroup;
			children = (
				2C3E38C31FC458B3007A1405 /* TestComparison */,
				2C3E38C21FC4589C007A1405 /* ELThreadSafeSuit */,
				2C3E38C11FC4588A007A1405 /* SupportingFiles */,
			);
			path = ELThreadSafeSuit;
			sourceTree = "<group>";
		};
		2C3E38621FC2C61D007A1405 /* ELThreadSafeSuitTests */ = {
			isa = PBXGroup;
			children = (
				2C3E38631FC2C61D007A1405 /* ELThreadSafeSuitTests.m */,
				2C3E38B91FC45630007A1405 /* ELThreadSafeComparisonTests.m */,
				2C3E38651FC2C61D007A1405 /* Info.plist */,
			);
			path = ELThreadSafeSuitTests;
			sourceTree = "<group>";
		};
		2C3E38C11FC4588A007A1405 /* SupportingFiles */ = {
			isa = PBXGroup;
			children = (
				2C3E384A1FC2C61C007A1405 /* AppDelegate.h */,
				2C3E384B1FC2C61C007A1405 /* AppDelegate.m */,
				2C3E384D1FC2C61D007A1405 /* ViewController.h */,
				2C3E384E1FC2C61D007A1405 /* ViewController.m */,
				2C3E38501FC2C61D007A1405 /* Main.storyboard */,
				2C3E38531FC2C61D007A1405 /* Assets.xcassets */,
				2C3E38551FC2C61D007A1405 /* LaunchScreen.storyboard */,
				2C3E38581FC2C61D007A1405 /* Info.plist */,
				2C3E38591FC2C61D007A1405 /* main.m */,
			);
			path = SupportingFiles;
			sourceTree = "<group>";
		};
		2C3E38C21FC4589C007A1405 /* ELThreadSafeSuit */ = {
			isa = PBXGroup;
			children = (
				2C3E38771FC2D4B4007A1405 /* NSMutableArray+ELThreadSafe.h */,
				2C3E38761FC2D4B4007A1405 /* NSMutableArray+ELThreadSafe.m */,
				2C3E38791FC2D4B4007A1405 /* NSMutableDictionary+ELThreadSafe.h */,
				2C3E38781FC2D4B4007A1405 /* NSMutableDictionary+ELThreadSafe.m */,
				2C34A7FB1FC3311F00AC6B50 /* NSMutableOrderedSet+ELThreadSafe.h */,
				2C34A7FC1FC3311F00AC6B50 /* NSMutableOrderedSet+ELThreadSafe.m */,
				2C3E38B51FC44DB5007A1405 /* NSMutableSet+ELThreadSafe.h */,
				2C3E38B61FC44DB5007A1405 /* NSMutableSet+ELThreadSafe.m */,
				2C3E387C1FC2F74B007A1405 /* ELThreadSafeObject.h */,
				2C3E387D1FC2F74B007A1405 /* ELThreadSafeObject.m */,
				2C34A7F81FC3250D00AC6B50 /* NSObject+ELThreadSafe.h */,
				2C34A7F91FC3250D00AC6B50 /* NSObject+ELThreadSafe.m */,
				2C3E38B21FC449EC007A1405 /* NSObject-_NSIsKinds.h */,
			);
			path = ELThreadSafeSuit;
			sourceTree = "<group>";
		};
		2C3E38C31FC458B3007A1405 /* TestComparison */ = {
			isa = PBXGroup;
			children = (
				2C3E38C71FC458EE007A1405 /* TestSuitObject.h */,
				2C3E38C81FC458EE007A1405 /* TestSuitObject.m */,
			);
			path = TestComparison;
			sourceTree = "<group>";
		};
/* End PBXGroup section */

/* Begin PBXNativeTarget section */
		2C3E38461FC2C61C007A1405 /* ELThreadSafeSuit */ = {
			isa = PBXNativeTarget;
			buildConfigurationList = 2C3E38681FC2C61D007A1405 /* Build configuration list for PBXNativeTarget "ELThreadSafeSuit" */;
			buildPhases = (
				2C3E38431FC2C61C007A1405 /* Sources */,
				2C3E38441FC2C61C007A1405 /* Frameworks */,
				2C3E38451FC2C61C007A1405 /* Resources */,
			);
			buildRules = (
			);
			dependencies = (
			);
			name = ELThreadSafeSuit;
			productName = ELThreadSafeSuit;
			productReference = 2C3E38471FC2C61C007A1405 /* ELThreadSafeSuit.app */;
			productType = "com.apple.product-type.application";
		};
		2C3E385E1FC2C61D007A1405 /* ELThreadSafeSuitTests */ = {
			isa = PBXNativeTarget;
			buildConfigurationList = 2C3E386B1FC2C61D007A1405 /* Build configuration list for PBXNativeTarget "ELThreadSafeSuitTests" */;
			buildPhases = (
				2C3E385B1FC2C61D007A1405 /* Sources */,
				2C3E385C1FC2C61D007A1405 /* Frameworks */,
				2C3E385D1FC2C61D007A1405 /* Resources */,
			);
			buildRules = (
			);
			dependencies = (
				2C3E38611FC2C61D007A1405 /* PBXTargetDependency */,
			);
			name = ELThreadSafeSuitTests;
			productName = ELThreadSafeSuitTests;
			productReference = 2C3E385F1FC2C61D007A1405 /* ELThreadSafeSuitTests.xctest */;
			productType = "com.apple.product-type.bundle.unit-test";
		};
/* End PBXNativeTarget section */

/* Begin PBXProject section */
		2C3E383F1FC2C61C007A1405 /* Project object */ = {
			isa = PBXProject;
			attributes = {
				LastUpgradeCheck = 0910;
				ORGANIZATIONNAME = Elenion;
				TargetAttributes = {
					2C3E38461FC2C61C007A1405 = {
						CreatedOnToolsVersion = 9.1;
						ProvisioningStyle = Automatic;
					};
					2C3E385E1FC2C61D007A1405 = {
						CreatedOnToolsVersion = 9.1;
						ProvisioningStyle = Automatic;
						TestTargetID = 2C3E38461FC2C61C007A1405;
					};
				};
			};
			buildConfigurationList = 2C3E38421FC2C61C007A1405 /* Build configuration list for PBXProject "ELThreadSafeSuit" */;
			compatibilityVersion = "Xcode 8.0";
			developmentRegion = en;
			hasScannedForEncodings = 0;
			knownRegions = (
				en,
				Base,
			);
			mainGroup = 2C3E383E1FC2C61C007A1405;
			productRefGroup = 2C3E38481FC2C61C007A1405 /* Products */;
			projectDirPath = "";
			projectRoot = "";
			targets = (
				2C3E38461FC2C61C007A1405 /* ELThreadSafeSuit */,
				2C3E385E1FC2C61D007A1405 /* ELThreadSafeSuitTests */,
			);
		};
/* End PBXProject section */

/* Begin PBXResourcesBuildPhase section */
		2C3E38451FC2C61C007A1405 /* Resources */ = {
			isa = PBXResourcesBuildPhase;
			buildActionMask = 2147483647;
			files = (
				2C3E38571FC2C61D007A1405 /* LaunchScreen.storyboard in Resources */,
				2C3E38541FC2C61D007A1405 /* Assets.xcassets in Resources */,
				2C3E38521FC2C61D007A1405 /* Main.storyboard in Resources */,
			);
			runOnlyForDeploymentPostprocessing = 0;
		};
		2C3E385D1FC2C61D007A1405 /* Resources */ = {
			isa = PBXResourcesBuildPhase;
			buildActionMask = 2147483647;
			files = (
			);
			runOnlyForDeploymentPostprocessing = 0;
		};
/* End PBXResourcesBuildPhase section */

/* Begin PBXSourcesBuildPhase section */
		2C3E38431FC2C61C007A1405 /* Sources */ = {
			isa = PBXSourcesBuildPhase;
			buildActionMask = 2147483647;
			files = (
				2C3E38CA1FC45AB2007A1405 /* AppDelegate.m in Sources */,
				2C3E384F1FC2C61D007A1405 /* ViewController.m in Sources */,
				2C3E38C91FC458EE007A1405 /* TestSuitObject.m in Sources */,
				2C3E387A1FC2D4B5007A1405 /* NSMutableArray+ELThreadSafe.m in Sources */,
				2C3E387E1FC2F74B007A1405 /* ELThreadSafeObject.m in Sources */,
				2C3E385A1FC2C61D007A1405 /* main.m in Sources */,
				2C34A7FD1FC3311F00AC6B50 /* NSMutableOrderedSet+ELThreadSafe.m in Sources */,
				2C3E387B1FC2D4B5007A1405 /* NSMutableDictionary+ELThreadSafe.m in Sources */,
				2C3E38B71FC44DB5007A1405 /* NSMutableSet+ELThreadSafe.m in Sources */,
				2C34A7FA1FC3250D00AC6B50 /* NSObject+ELThreadSafe.m in Sources */,
			);
			runOnlyForDeploymentPostprocessing = 0;
		};
		2C3E385B1FC2C61D007A1405 /* Sources */ = {
			isa = PBXSourcesBuildPhase;
			buildActionMask = 2147483647;
			files = (
				2C34A7FE1FC4823400AC6B50 /* TestSuitObject.m in Sources */,
				2C3E38C01FC45657007A1405 /* NSObject+ELThreadSafe.m in Sources */,
				2C3E38BF1FC45654007A1405 /* ELThreadSafeObject.m in Sources */,
				2C3E38BE1FC45651007A1405 /* NSMutableSet+ELThreadSafe.m in Sources */,
				2C3E38BD1FC4564D007A1405 /* NSMutableOrderedSet+ELThreadSafe.m in Sources */,
				2C3E38BC1FC4564A007A1405 /* NSMutableDictionary+ELThreadSafe.m in Sources */,
				2C3E38BB1FC45645007A1405 /* NSMutableArray+ELThreadSafe.m in Sources */,
				2C3E38BA1FC45630007A1405 /* ELThreadSafeComparisonTests.m in Sources */,
				2C3E38641FC2C61D007A1405 /* ELThreadSafeSuitTests.m in Sources */,
			);
			runOnlyForDeploymentPostprocessing = 0;
		};
/* End PBXSourcesBuildPhase section */

/* Begin PBXTargetDependency section */
		2C3E38611FC2C61D007A1405 /* PBXTargetDependency */ = {
			isa = PBXTargetDependency;
			target = 2C3E38461FC2C61C007A1405 /* ELThreadSafeSuit */;
			targetProxy = 2C3E38601FC2C61D007A1405 /* PBXContainerItemProxy */;
		};
/* End PBXTargetDependency section */

/* Begin PBXVariantGroup section */
		2C3E38501FC2C61D007A1405 /* Main.storyboard */ = {
			isa = PBXVariantGroup;
			children = (
				2C3E38511FC2C61D007A1405 /* Base */,
			);
			name = Main.storyboard;
			sourceTree = "<group>";
		};
		2C3E38551FC2C61D007A1405 /* LaunchScreen.storyboard */ = {
			isa = PBXVariantGroup;
			children = (
				2C3E38561FC2C61D007A1405 /* Base */,
			);
			name = LaunchScreen.storyboard;
			sourceTree = "<group>";
		};
/* End PBXVariantGroup section */

/* Begin XCBuildConfiguration section */
		2C3E38661FC2C61D007A1405 /* Debug */ = {
			isa = XCBuildConfiguration;
			buildSettings = {
				ALWAYS_SEARCH_USER_PATHS = NO;
				CLANG_ANALYZER_NONNULL = YES;
				CLANG_ANALYZER_NUMBER_OBJECT_CONVERSION = YES_AGGRESSIVE;
				CLANG_CXX_LANGUAGE_STANDARD = "gnu++14";
				CLANG_CXX_LIBRARY = "libc++";
				CLANG_ENABLE_MODULES = YES;
				CLANG_ENABLE_OBJC_ARC = YES;
				CLANG_WARN_BLOCK_CAPTURE_AUTORELEASING = YES;
				CLANG_WARN_BOOL_CONVERSION = YES;
				CLANG_WARN_COMMA = YES;
				CLANG_WARN_CONSTANT_CONVERSION = YES;
				CLANG_WARN_DIRECT_OBJC_ISA_USAGE = YES_ERROR;
				CLANG_WARN_DOCUMENTATION_COMMENTS = YES;
				CLANG_WARN_EMPTY_BODY = YES;
				CLANG_WARN_ENUM_CONVERSION = YES;
				CLANG_WARN_INFINITE_RECURSION = YES;
				CLANG_WARN_INT_CONVERSION = YES;
				CLANG_WARN_NON_LITERAL_NULL_CONVERSION = YES;
				CLANG_WARN_OBJC_LITERAL_CONVERSION = YES;
				CLANG_WARN_OBJC_ROOT_CLASS = YES_ERROR;
				CLANG_WARN_RANGE_LOOP_ANALYSIS = YES;
				CLANG_WARN_STRICT_PROTOTYPES = YES;
				CLANG_WARN_SUSPICIOUS_MOVE = YES;
				CLANG_WARN_UNGUARDED_AVAILABILITY = YES_AGGRESSIVE;
				CLANG_WARN_UNREACHABLE_CODE = YES;
				CLANG_WARN__DUPLICATE_METHOD_MATCH = YES;
				CODE_SIGN_IDENTITY = "iPhone Developer";
				COPY_PHASE_STRIP = NO;
				DEBUG_INFORMATION_FORMAT = dwarf;
				ENABLE_STRICT_OBJC_MSGSEND = YES;
				ENABLE_TESTABILITY = YES;
				GCC_C_LANGUAGE_STANDARD = gnu11;
				GCC_DYNAMIC_NO_PIC = NO;
				GCC_NO_COMMON_BLOCKS = YES;
				GCC_OPTIMIZATION_LEVEL = 0;
				GCC_PREPROCESSOR_DEFINITIONS = (
					"DEBUG=1",
					"$(inherited)",
				);
				GCC_WARN_64_TO_32_BIT_CONVERSION = YES;
				GCC_WARN_ABOUT_RETURN_TYPE = YES_ERROR;
				GCC_WARN_UNDECLARED_SELECTOR = YES;
				GCC_WARN_UNINITIALIZED_AUTOS = YES_AGGRESSIVE;
				GCC_WARN_UNUSED_FUNCTION = YES;
				GCC_WARN_UNUSED_VARIABLE = YES;
				IPHONEOS_DEPLOYMENT_TARGET = 11.1;
				MTL_ENABLE_DEBUG_INFO = YES;
				ONLY_ACTIVE_ARCH = YES;
				SDKROOT = iphoneos;
			};
			name = Debug;
		};
		2C3E38671FC2C61D007A1405 /* Release */ = {
			isa = XCBuildConfiguration;
			buildSettings = {
				ALWAYS_SEARCH_USER_PATHS = NO;
				CLANG_ANALYZER_NONNULL = YES;
				CLANG_ANALYZER_NUMBER_OBJECT_CONVERSION = YES_AGGRESSIVE;
				CLANG_CXX_LANGUAGE_STANDARD = "gnu++14";
				CLANG_CXX_LIBRARY = "libc++";
				CLANG_ENABLE_MODULES = YES;
				CLANG_ENABLE_OBJC_ARC = YES;
				CLANG_WARN_BLOCK_CAPTURE_AUTORELEASING = YES;
				CLANG_WARN_BOOL_CONVERSION = YES;
				CLANG_WARN_COMMA = YES;
				CLANG_WARN_CONSTANT_CONVERSION = YES;
				CLANG_WARN_DIRECT_OBJC_ISA_USAGE = YES_ERROR;
				CLANG_WARN_DOCUMENTATION_COMMENTS = YES;
				CLANG_WARN_EMPTY_BODY = YES;
				CLANG_WARN_ENUM_CONVERSION = YES;
				CLANG_WARN_INFINITE_RECURSION = YES;
				CLANG_WARN_INT_CONVERSION = YES;
				CLANG_WARN_NON_LITERAL_NULL_CONVERSION = YES;
				CLANG_WARN_OBJC_LITERAL_CONVERSION = YES;
				CLANG_WARN_OBJC_ROOT_CLASS = YES_ERROR;
				CLANG_WARN_RANGE_LOOP_ANALYSIS = YES;
				CLANG_WARN_STRICT_PROTOTYPES = YES;
				CLANG_WARN_SUSPICIOUS_MOVE = YES;
				CLANG_WARN_UNGUARDED_AVAILABILITY = YES_AGGRESSIVE;
				CLANG_WARN_UNREACHABLE_CODE = YES;
				CLANG_WARN__DUPLICATE_METHOD_MATCH = YES;
				CODE_SIGN_IDENTITY = "iPhone Developer";
				COPY_PHASE_STRIP = NO;
				DEBUG_INFORMATION_FORMAT = "dwarf-with-dsym";
				ENABLE_NS_ASSERTIONS = NO;
				ENABLE_STRICT_OBJC_MSGSEND = YES;
				GCC_C_LANGUAGE_STANDARD = gnu11;
				GCC_NO_COMMON_BLOCKS = YES;
				GCC_WARN_64_TO_32_BIT_CONVERSION = YES;
				GCC_WARN_ABOUT_RETURN_TYPE = YES_ERROR;
				GCC_WARN_UNDECLARED_SELECTOR = YES;
				GCC_WARN_UNINITIALIZED_AUTOS = YES_AGGRESSIVE;
				GCC_WARN_UNUSED_FUNCTION = YES;
				GCC_WARN_UNUSED_VARIABLE = YES;
				IPHONEOS_DEPLOYMENT_TARGET = 11.1;
				MTL_ENABLE_DEBUG_INFO = NO;
				SDKROOT = iphoneos;
				VALIDATE_PRODUCT = YES;
			};
			name = Release;
		};
		2C3E38691FC2C61D007A1405 /* Debug */ = {
			isa = XCBuildConfiguration;
			buildSettings = {
				ASSETCATALOG_COMPILER_APPICON_NAME = AppIcon;
				CODE_SIGN_STYLE = Automatic;
				DEVELOPMENT_TEAM = TV2WRE6V8Z;
				INFOPLIST_FILE = ELThreadSafeSuit/SupportingFiles/Info.plist;
				LD_RUNPATH_SEARCH_PATHS = "$(inherited) @executable_path/Frameworks";
				PRODUCT_BUNDLE_IDENTIFIER = com.Elenion.ELThreadSafeSuit;
				PRODUCT_NAME = "$(TARGET_NAME)";
				TARGETED_DEVICE_FAMILY = "1,2";
			};
			name = Debug;
		};
		2C3E386A1FC2C61D007A1405 /* Release */ = {
			isa = XCBuildConfiguration;
			buildSettings = {
				ASSETCATALOG_COMPILER_APPICON_NAME = AppIcon;
				CODE_SIGN_STYLE = Automatic;
				DEVELOPMENT_TEAM = TV2WRE6V8Z;
				INFOPLIST_FILE = ELThreadSafeSuit/SupportingFiles/Info.plist;
				LD_RUNPATH_SEARCH_PATHS = "$(inherited) @executable_path/Frameworks";
				PRODUCT_BUNDLE_IDENTIFIER = com.Elenion.ELThreadSafeSuit;
				PRODUCT_NAME = "$(TARGET_NAME)";
				TARGETED_DEVICE_FAMILY = "1,2";
			};
			name = Release;
		};
		2C3E386C1FC2C61D007A1405 /* Debug */ = {
			isa = XCBuildConfiguration;
			buildSettings = {
				BUNDLE_LOADER = "$(TEST_HOST)";
				CODE_SIGN_STYLE = Automatic;
				DEVELOPMENT_TEAM = TV2WRE6V8Z;
				INFOPLIST_FILE = ELThreadSafeSuitTests/Info.plist;
				LD_RUNPATH_SEARCH_PATHS = "$(inherited) @executable_path/Frameworks @loader_path/Frameworks";
				PRODUCT_BUNDLE_IDENTIFIER = com.Elenion.ELThreadSafeSuitTests;
				PRODUCT_NAME = "$(TARGET_NAME)";
				TARGETED_DEVICE_FAMILY = "1,2";
				TEST_HOST = "$(BUILT_PRODUCTS_DIR)/ELThreadSafeSuit.app/ELThreadSafeSuit";
			};
			name = Debug;
		};
		2C3E386D1FC2C61D007A1405 /* Release */ = {
			isa = XCBuildConfiguration;
			buildSettings = {
				BUNDLE_LOADER = "$(TEST_HOST)";
				CODE_SIGN_STYLE = Automatic;
				DEVELOPMENT_TEAM = TV2WRE6V8Z;
				INFOPLIST_FILE = ELThreadSafeSuitTests/Info.plist;
				LD_RUNPATH_SEARCH_PATHS = "$(inherited) @executable_path/Frameworks @loader_path/Frameworks";
				PRODUCT_BUNDLE_IDENTIFIER = com.Elenion.ELThreadSafeSuitTests;
				PRODUCT_NAME = "$(TARGET_NAME)";
				TARGETED_DEVICE_FAMILY = "1,2";
				TEST_HOST = "$(BUILT_PRODUCTS_DIR)/ELThreadSafeSuit.app/ELThreadSafeSuit";
			};
			name = Release;
		};
/* End XCBuildConfiguration section */

/* Begin XCConfigurationList section */
		2C3E38421FC2C61C007A1405 /* Build configuration list for PBXProject "ELThreadSafeSuit" */ = {
			isa = XCConfigurationList;
			buildConfigurations = (
				2C3E38661FC2C61D007A1405 /* Debug */,
				2C3E38671FC2C61D007A1405 /* Release */,
			);
			defaultConfigurationIsVisible = 0;
			defaultConfigurationName = Release;
		};
		2C3E38681FC2C61D007A1405 /* Build configuration list for PBXNativeTarget "ELThreadSafeSuit" */ = {
			isa = XCConfigurationList;
			buildConfigurations = (
				2C3E38691FC2C61D007A1405 /* Debug */,
				2C3E386A1FC2C61D007A1405 /* Release */,
			);
			defaultConfigurationIsVisible = 0;
			defaultConfigurationName = Release;
		};
		2C3E386B1FC2C61D007A1405 /* Build configuration list for PBXNativeTarget "ELThreadSafeSuitTests" */ = {
			isa = XCConfigurationList;
			buildConfigurations = (
				2C3E386C1FC2C61D007A1405 /* Debug */,
				2C3E386D1FC2C61D007A1405 /* Release */,
			);
			defaultConfigurationIsVisible = 0;
			defaultConfigurationName = Release;
		};
/* End XCConfigurationList section */
	};
	rootObject = 2C3E383F1FC2C61C007A1405 /* Project object */;
}
